
Microsoft Visual Studio Solution File, Format Version 12.00
# Visual Studio Version 16
VisualStudioVersion = 16.0.31729.503
MinimumVisualStudioVersion = 10.0.40219.1
Project("{2150E333-8FDC-42A3-9474-1A3956D46DE8}") = "Layer", "Layer", "{0D1B379F-56DF-4BFC-844B-4CF89A40C0B2}"
EndProject
Project("{2150E333-8FDC-42A3-9474-1A3956D46DE8}") = "1 WebUI", "1 WebUI", "{F12C2B07-AAB9-4FFF-9A3C-88D916D2BEF7}"
EndProject
Project("{2150E333-8FDC-42A3-9474-1A3956D46DE8}") = "2 Persistencia", "2 Persistencia", "{90921FAE-64E8-4B16-99C3-0CC9FEF2AD9F}"
EndProject
Project("{FAE04EC0-301F-11D3-BF4B-00C04F79EFBC}") = "Prueba.WebApi", "Prueba.WebApi\Prueba.WebApi.csproj", "{EBBF006E-CC44-4598-A6F3-F57D47763BD1}"
EndProject
Project("{FAE04EC0-301F-11D3-BF4B-00C04F79EFBC}") = "Prueba.Persistencia", "Prueba.Persistencia\Prueba.Persistencia.csproj", "{1BC0F42D-61CC-4FD1-A4BE-5F6B490A20C1}"
EndProject
Global
	GlobalSection(SolutionConfigurationPlatforms) = preSolution
		Debug|Any CPU = Debug|Any CPU
		Release|Any CPU = Release|Any CPU
	EndGlobalSection
	GlobalSection(ProjectConfigurationPlatforms) = postSolution
		{EBBF006E-CC44-4598-A6F3-F57D47763BD1}.Debug|Any CPU.ActiveCfg = Debug|Any CPU
		{EBBF006E-CC44-4598-A6F3-F57D47763BD1}.Debug|Any CPU.Build.0 = Debug|Any CPU
		{EBBF006E-CC44-4598-A6F3-F57D47763BD1}.Release|Any CPU.ActiveCfg = Release|Any CPU
		{EBBF006E-CC44-4598-A6F3-F57D47763BD1}.Release|Any CPU.Build.0 = Release|Any CPU
		{1BC0F42D-61CC-4FD1-A4BE-5F6B490A20C1}.Debug|Any CPU.ActiveCfg = Debug|Any CPU
		{1BC0F42D-61CC-4FD1-A4BE-5F6B490A20C1}.Debug|Any CPU.Build.0 = Debug|Any CPU
		{1BC0F42D-61CC-4FD1-A4BE-5F6B490A20C1}.Release|Any CPU.ActiveCfg = Release|Any CPU
		{1BC0F42D-61CC-4FD1-A4BE-5F6B490A20C1}.Release|Any CPU.Build.0 = Release|Any CPU
	EndGlobalSection
	GlobalSection(SolutionProperties) = preSolution
		HideSolutionNode = FALSE
	EndGlobalSection
	GlobalSection(NestedProjects) = preSolution
		{F12C2B07-AAB9-4FFF-9A3C-88D916D2BEF7} = {0D1B379F-56DF-4BFC-844B-4CF89A40C0B2}
		{90921FAE-64E8-4B16-99C3-0CC9FEF2AD9F} = {0D1B379F-56DF-4BFC-844B-4CF89A40C0B2}
		{EBBF006E-CC44-4598-A6F3-F57D47763BD1} = {F12C2B07-AAB9-4FFF-9A3C-88D916D2BEF7}
		{1BC0F42D-61CC-4FD1-A4BE-5F6B490A20C1} = {90921FAE-64E8-4B16-99C3-0CC9FEF2AD9F}
	EndGlobalSection
	GlobalSection(ExtensibilityGlobals) = postSolution
		SolutionGuid = {E7FED3A6-4E4F-40DA-B74E-598F05C78DFF}
	EndGlobalSection
EndGlobal
